
Microsoft Visual Studio Solution File, Format Version 12.00
# Visual Studio Version 17
VisualStudioVersion = 17.4.33213.308
MinimumVisualStudioVersion = 10.0.40219.1
Project("{FAE04EC0-301F-11D3-BF4B-00C04F79EFBC}") = "MergeMe", "MergeMe.csproj", "{74CB34B2-BAF2-49D0-B944-B1858DC45DB7}"
EndProject
Global
	GlobalSection(SolutionConfigurationPlatforms) = preSolution
		Debug|Any CPU = Debug|Any CPU
		Release|Any CPU = Release|Any CPU
	EndGlobalSection
	GlobalSection(ProjectConfigurationPlatforms) = postSolution
		{74CB34B2-BAF2-49D0-B944-B1858DC45DB7}.Debug|Any CPU.ActiveCfg = Debug|Any CPU
		{74CB34B2-BAF2-49D0-B944-B1858DC45DB7}.Debug|Any CPU.Build.0 = Debug|Any CPU
		{74CB34B2-BAF2-49D0-B944-B1858DC45DB7}.Release|Any CPU.ActiveCfg = Release|Any CPU
		{74CB34B2-BAF2-49D0-B944-B1858DC45DB7}.Release|Any CPU.Build.0 = Release|Any CPU
	EndGlobalSection
	GlobalSection(SolutionProperties) = preSolution
		HideSolutionNode = FALSE
	EndGlobalSection
	GlobalSection(ExtensibilityGlobals) = postSolution
		SolutionGuid = {F0B42F72-CEE7-4C4E-9B83-E76D88E34A8A}
	EndGlobalSection
EndGlobal
